
Microsoft Visual Studio Solution File, Format Version 12.00
# Visual Studio 15
VisualStudioVersion = 15.0.27130.2020
MinimumVisualStudioVersion = 10.0.40219.1
Project("{8BC9CEB8-8B4A-11D0-8D11-00A0C91BC942}") = "app1", "app1\app1.vcxproj", "{BEDFC548-6B9C-41EB-A542-B40C0864F020}"
EndProject
Global
	GlobalSection(SolutionConfigurationPlatforms) = preSolution
		Debug|x64 = Debug|x64
		Debug|x86 = Debug|x86
		Release|x64 = Release|x64
		Release|x86 = Release|x86
	EndGlobalSection
	GlobalSection(ProjectConfigurationPlatforms) = postSolution
		{BEDFC548-6B9C-41EB-A542-B40C0864F020}.Debug|x64.ActiveCfg = Debug|x64
		{BEDFC548-6B9C-41EB-A542-B40C0864F020}.Debug|x64.Build.0 = Debug|x64
		{BEDFC548-6B9C-41EB-A542-B40C0864F020}.Debug|x86.ActiveCfg = Debug|Win32
		{BEDFC548-6B9C-41EB-A542-B40C0864F020}.Debug|x86.Build.0 = Debug|Win32
		{BEDFC548-6B9C-41EB-A542-B40C0864F020}.Release|x64.ActiveCfg = Release|x64
		{BEDFC548-6B9C-41EB-A542-B40C0864F020}.Release|x64.Build.0 = Release|x64
		{BEDFC548-6B9C-41EB-A542-B40C0864F020}.Release|x86.ActiveCfg = Release|Win32
		{BEDFC548-6B9C-41EB-A542-B40C0864F020}.Release|x86.Build.0 = Release|Win32
	EndGlobalSection
	GlobalSection(SolutionProperties) = preSolution
		HideSolutionNode = FALSE
	EndGlobalSection
	GlobalSection(ExtensibilityGlobals) = postSolution
		SolutionGuid = {7653F335-CDA2-4B33-8A5B-538D388FB32E}
	EndGlobalSection
EndGlobal
